{
  "name": "refactored-broccoli",
  "version": "0.1.0",
  "lockfileVersion": 2,
  "requires": true,
  "packages": {
    "": {
      "version": "0.1.0",
      "license": "MIT",
      "dependencies": {
        "lodash": "^4.17.21"
      },
      "devDependencies": {
        "@tsconfig/node14": "^1.0.1",
        "@types/lodash": "^4.14.171",
        "@types/node": "^15.12.5"
      }
    },
    "node_modules/@tsconfig/node14": {
      "version": "1.0.1",
      "resolved": "https://registry.npmjs.org/@tsconfig/node14/-/node14-1.0.1.tgz",
      "integrity": "sha512-509r2+yARFfHHE7T6Puu2jjkoycftovhXRqW328PDXTVGKihlb1P8Z9mMZH04ebyajfRY7dedfGynlrFHJUQCg==",
      "dev": true
    },
    "node_modules/@types/lodash": {
      "version": "4.14.171",
      "resolved": "https://registry.npmjs.org/@types/lodash/-/lodash-4.14.171.tgz",
      "integrity": "sha512-7eQ2xYLLI/LsicL2nejW9Wyko3lcpN6O/z0ZLHrEQsg280zIdCv1t/0m6UtBjUHokCGBQ3gYTbHzDkZ1xOBwwg==",
      "dev": true
    },
    "node_modules/@types/node": {
      "version": "15.12.5",
      "resolved": "https://registry.npmjs.org/@types/node/-/node-15.12.5.tgz",
      "integrity": "sha512-se3yX7UHv5Bscf8f1ERKvQOD6sTyycH3hdaoozvaLxgUiY5lIGEeH37AD0G0Qi9kPqihPn0HOfd2yaIEN9VwEg==",
      "dev": true
    },
    "node_modules/lodash": {
      "version": "4.17.21",
      "resolved": "https://registry.npmjs.org/lodash/-/lodash-4.17.21.tgz",
      "integrity": "sha512-v2kDEe57lecTulaDIuNTPy3Ry4gLGJ6Z1O3vE1krgXZNrsQ+LFTGHVxVjcXPs17LhbZVGedAJv8XZ1tvj5FvSg=="
    }
  },
  "dependencies": {
    "@tsconfig/node14": {
      "version": "1.0.1",
      "resolved": "https://registry.npmjs.org/@tsconfig/node14/-/node14-1.0.1.tgz",
      "integrity": "sha512-509r2+yARFfHHE7T6Puu2jjkoycftovhXRqW328PDXTVGKihlb1P8Z9mMZH04ebyajfRY7dedfGynlrFHJUQCg==",
      "dev": true
    },
    "@types/lodash": {
      "version": "4.14.171",
      "resolved": "https://registry.npmjs.org/@types/lodash/-/lodash-4.14.171.tgz",
      "integrity": "sha512-7eQ2xYLLI/LsicL2nejW9Wyko3lcpN6O/z0ZLHrEQsg280zIdCv1t/0m6UtBjUHokCGBQ3gYTbHzDkZ1xOBwwg==",
      "dev": true
    },
    "@types/node": {
      "version": "15.12.5",
      "resolved": "https://registry.npmjs.org/@types/node/-/node-15.12.5.tgz",
      "integrity": "sha512-se3yX7UHv5Bscf8f1ERKvQOD6sTyycH3hdaoozvaLxgUiY5lIGEeH37AD0G0Qi9kPqihPn0HOfd2yaIEN9VwEg==",
      "dev": true
    },
    "lodash": {
      "version": "4.17.21",
      "resolved": "https://registry.npmjs.org/lodash/-/lodash-4.17.21.tgz",
      "integrity": "sha512-v2kDEe57lecTulaDIuNTPy3Ry4gLGJ6Z1O3vE1krgXZNrsQ+LFTGHVxVjcXPs17LhbZVGedAJv8XZ1tvj5FvSg=="
    }
  }
}
